<?xml version="1.0" encoding="utf-8"?>
<Project ToolsVersion="4.0" xmlns="http://schemas.microsoft.com/developer/msbuild/2003">
  <ItemGroup>
    <Filter Include="소스 파일">
      <UniqueIdentifier>{4FC737F1-C7A5-4376-A066-2A32D752A2FF}</UniqueIdentifier>
      <Extensions>cpp;c;cc;cxx;c++;cppm;ixx;def;odl;idl;hpj;bat;asm;asmx</Extensions>
    </Filter>
    <Filter Include="헤더 파일">
      <UniqueIdentifier>{93995380-89BD-4b04-88EB-625FBE52EBFB}</UniqueIdentifier>
      <Extensions>h;hh;hpp;hxx;h++;hm;inl;inc;ipp;xsd</Extensions>
    </Filter>
    <Filter Include="리소스 파일">
      <UniqueIdentifier>{67DA6AB6-F800-4c08-8B7A-83BB121AAD01}</UniqueIdentifier>
      <Extensions>rc;ico;cur;bmp;dlg;rc2;rct;bin;rgs;gif;jpg;jpeg;jpe;resx;tiff;tif;png;wav;mfcribbon-ms</Extensions>
    </Filter>
    <Filter Include="소스 파일\2021-05-08">
      <UniqueIdentifier>{e3ebbeaa-3f85-4f44-8d1a-13b38999cc20}</UniqueIdentifier>
    </Filter>
    <Filter Include="소스 파일\2021-05-15">
      <UniqueIdentifier>{32a390c7-a7a3-4f08-aeff-7e73d60ce469}</UniqueIdentifier>
    </Filter>
    <Filter Include="소스 파일\2021-05-19">
      <UniqueIdentifier>{f5f215f2-1dad-494b-80ad-f286d885567e}</UniqueIdentifier>
    </Filter>
    <Filter Include="소스 파일\2021-05-22">
      <UniqueIdentifier>{fbdb7e68-c5f6-47bb-9a3c-19072614bea8}</UniqueIdentifier>
    </Filter>
    <Filter Include="소스 파일\2021-05-26">
      <UniqueIdentifier>{b0203312-e812-4acb-8dba-ded8096df194}</UniqueIdentifier>
    </Filter>
    <Filter Include="소스 파일\2021-06-24">
      <UniqueIdentifier>{7ac06a51-8570-4b23-97e7-2da62ec41ac6}</UniqueIdentifier>
    </Filter>
    <Filter Include="소스 파일\baekjun">
      <UniqueIdentifier>{f50dd5d3-21d3-4500-ae93-bbc43f326a66}</UniqueIdentifier>
    </Filter>
  </ItemGroup>
  <ItemGroup>
    <ClCompile Include="2021-05-08\linked-list.cpp">
      <Filter>소스 파일\2021-05-08</Filter>
    </ClCompile>
    <ClCompile Include="2021-05-08\eratos.cpp">
      <Filter>소스 파일\2021-05-08</Filter>
    </ClCompile>
    <ClCompile Include="2021-05-08\vector.cpp">
      <Filter>소스 파일\2021-05-08</Filter>
    </ClCompile>
    <ClCompile Include="2021-05-15\fibo.cpp">
      <Filter>소스 파일\2021-05-15</Filter>
    </ClCompile>
    <ClCompile Include="2021-05-15\least-multiple.cpp">
      <Filter>소스 파일\2021-05-15</Filter>
    </ClCompile>
    <ClCompile Include="2021-05-15\list.cpp">
      <Filter>소스 파일\2021-05-15</Filter>
    </ClCompile>
    <ClCompile Include="2021-05-19\question.cpp">
      <Filter>소스 파일\2021-05-19</Filter>
    </ClCompile>
    <ClCompile Include="2021-05-19\question_2.cpp">
      <Filter>소스 파일\2021-05-19</Filter>
    </ClCompile>
    <ClCompile Include="2021-05-22\malloc.cpp">
      <Filter>소스 파일\2021-05-22</Filter>
    </ClCompile>
    <ClCompile Include="2021-05-26\Q1.cpp">
      <Filter>소스 파일\2021-05-26</Filter>
    </ClCompile>
    <ClCompile Include="2021-05-26\Q2.cpp">
      <Filter>소스 파일\2021-05-26</Filter>
    </ClCompile>
    <ClCompile Include="2021-05-26\Q3.cpp">
      <Filter>소스 파일\2021-05-26</Filter>
    </ClCompile>
    <ClCompile Include="2021-05-26\Q4.cpp">
      <Filter>소스 파일\2021-05-26</Filter>
    </ClCompile>
    <ClCompile Include="2021-05-26\Q5.cpp">
      <Filter>소스 파일\2021-05-26</Filter>
    </ClCompile>
    <ClCompile Include="2021-05-26\Q6.cpp">
      <Filter>소스 파일\2021-05-26</Filter>
    </ClCompile>
    <ClCompile Include="2021-05-26\Q7.cpp">
      <Filter>소스 파일\2021-05-26</Filter>
    </ClCompile>
    <ClCompile Include="2021-05-26\Q8.cpp">
      <Filter>소스 파일\2021-05-26</Filter>
    </ClCompile>
    <ClCompile Include="2021-05-26\Q9.cpp">
      <Filter>소스 파일\2021-05-26</Filter>
    </ClCompile>
    <ClCompile Include="2021-05-26\Q10.cpp">
      <Filter>소스 파일\2021-05-26</Filter>
    </ClCompile>
    <ClCompile Include="2021-05-26\Q11.cpp">
      <Filter>소스 파일\2021-05-26</Filter>
    </ClCompile>
    <ClCompile Include="2021-05-26\Q12.cpp">
      <Filter>소스 파일\2021-05-26</Filter>
    </ClCompile>
    <ClCompile Include="2021-06-24\linked_list.cpp">
      <Filter>소스 파일\2021-06-24</Filter>
    </ClCompile>
    <ClCompile Include="unknown_1.cpp">
      <Filter>소스 파일\2021-06-24</Filter>
    </ClCompile>
    <ClCompile Include="3003.cpp">
      <Filter>소스 파일\baekjun</Filter>
    </ClCompile>
    <ClCompile Include="25083.cpp">
      <Filter>소스 파일\baekjun</Filter>
    </ClCompile>
    <ClCompile Include="2525.cpp">
      <Filter>소스 파일\baekjun</Filter>
    </ClCompile>
    <ClCompile Include="2480.cpp">
      <Filter>소스 파일\baekjun</Filter>
    </ClCompile>
    <ClCompile Include="25304.cpp">
      <Filter>소스 파일\baekjun</Filter>
    </ClCompile>
  </ItemGroup>
</Project>